// !$*UTF8*$!
{
	archiveVersion = 1;
	classes = {
	};
	objectVersion = 46;
	objects = {

/* Begin PBXBuildFile section */
		38410F5E1B5A8D8D00DDA9CC /* main.m in Sources */ = {isa = PBXBuildFile; fileRef = 38410F5D1B5A8D8D00DDA9CC /* main.m */; };
		38410F611B5A8D8D00DDA9CC /* AppDelegate.m in Sources */ = {isa = PBXBuildFile; fileRef = 38410F601B5A8D8D00DDA9CC /* AppDelegate.m */; };
		38410F641B5A8D8D00DDA9CC /* ViewController.m in Sources */ = {isa = PBXBuildFile; fileRef = 38410F631B5A8D8D00DDA9CC /* ViewController.m */; };
		38410F671B5A8D8D00DDA9CC /* Main.storyboard in Resources */ = {isa = PBXBuildFile; fileRef = 38410F651B5A8D8D00DDA9CC /* Main.storyboard */; };
		38410F691B5A8D8D00DDA9CC /* Images.xcassets in Resources */ = {isa = PBXBuildFile; fileRef = 38410F681B5A8D8D00DDA9CC /* Images.xcassets */; };
		38410F6C1B5A8D8D00DDA9CC /* LaunchScreen.xib in Resources */ = {isa = PBXBuildFile; fileRef = 38410F6A1B5A8D8D00DDA9CC /* LaunchScreen.xib */; };
		38410F781B5A8D8D00DDA9CC /* coreimage_filteringTests.m in Sources */ = {isa = PBXBuildFile; fileRef = 38410F771B5A8D8D00DDA9CC /* coreimage_filteringTests.m */; };
		38410F841B5AD8F900DDA9CC /* AvailableFiltersTableViewController.m in Sources */ = {isa = PBXBuildFile; fileRef = 38410F831B5AD8F900DDA9CC /* AvailableFiltersTableViewController.m */; };
/* End PBXBuildFile section */

/* Begin PBXContainerItemProxy section */
		38410F721B5A8D8D00DDA9CC /* PBXContainerItemProxy */ = {
			isa = PBXContainerItemProxy;
			containerPortal = 38410F501B5A8D8D00DDA9CC /* Project object */;
			proxyType = 1;
			remoteGlobalIDString = 38410F571B5A8D8D00DDA9CC;
			remoteInfo = "coreimage-filtering";
		};
/* End PBXContainerItemProxy section */

/* Begin PBXFileReference section */
		38410F581B5A8D8D00DDA9CC /* coreimage-filtering.app */ = {isa = PBXFileReference; explicitFileType = wrapper.application; includeInIndex = 0; path = "coreimage-filtering.app"; sourceTree = BUILT_PRODUCTS_DIR; };
		38410F5C1B5A8D8D00DDA9CC /* Info.plist */ = {isa = PBXFileReference; lastKnownFileType = text.plist.xml; path = Info.plist; sourceTree = "<group>"; };
		38410F5D1B5A8D8D00DDA9CC /* main.m */ = {isa = PBXFileReference; lastKnownFileType = sourcecode.c.objc; path = main.m; sourceTree = "<group>"; };
		38410F5F1B5A8D8D00DDA9CC /* AppDelegate.h */ = {isa = PBXFileReference; lastKnownFileType = sourcecode.c.h; path = AppDelegate.h; sourceTree = "<group>"; };
		38410F601B5A8D8D00DDA9CC /* AppDelegate.m */ = {isa = PBXFileReference; lastKnownFileType = sourcecode.c.objc; path = AppDelegate.m; sourceTree = "<group>"; };
		38410F621B5A8D8D00DDA9CC /* ViewController.h */ = {isa = PBXFileReference; lastKnownFileType = sourcecode.c.h; path = ViewController.h; sourceTree = "<group>"; };
		38410F631B5A8D8D00DDA9CC /* ViewController.m */ = {isa = PBXFileReference; lastKnownFileType = sourcecode.c.objc; path = ViewController.m; sourceTree = "<group>"; };
		38410F661B5A8D8D00DDA9CC /* Base */ = {isa = PBXFileReference; lastKnownFileType = file.storyboard; name = Base; path = Base.lproj/Main.storyboard; sourceTree = "<group>"; };
		38410F681B5A8D8D00DDA9CC /* Images.xcassets */ = {isa = PBXFileReference; lastKnownFileType = folder.assetcatalog; path = Images.xcassets; sourceTree = "<group>"; };
		38410F6B1B5A8D8D00DDA9CC /* Base */ = {isa = PBXFileReference; lastKnownFileType = file.xib; name = Base; path = Base.lproj/LaunchScreen.xib; sourceTree = "<group>"; };
		38410F711B5A8D8D00DDA9CC /* coreimage-filteringTests.xctest */ = {isa = PBXFileReference; explicitFileType = wrapper.cfbundle; includeInIndex = 0; path = "coreimage-filteringTests.xctest"; sourceTree = BUILT_PRODUCTS_DIR; };
		38410F761B5A8D8D00DDA9CC /* Info.plist */ = {isa = PBXFileReference; lastKnownFileType = text.plist.xml; path = Info.plist; sourceTree = "<group>"; };
		38410F771B5A8D8D00DDA9CC /* coreimage_filteringTests.m */ = {isa = PBXFileReference; lastKnownFileType = sourcecode.c.objc; path = coreimage_filteringTests.m; sourceTree = "<group>"; };
		38410F821B5AD8F900DDA9CC /* AvailableFiltersTableViewController.h */ = {isa = PBXFileReference; fileEncoding = 4; lastKnownFileType = sourcecode.c.h; path = AvailableFiltersTableViewController.h; sourceTree = "<group>"; };
		38410F831B5AD8F900DDA9CC /* AvailableFiltersTableViewController.m */ = {isa = PBXFileReference; fileEncoding = 4; lastKnownFileType = sourcecode.c.objc; path = AvailableFiltersTableViewController.m; sourceTree = "<group>"; };
/* End PBXFileReference section */

/* Begin PBXFrameworksBuildPhase section */
		38410F551B5A8D8D00DDA9CC /* Frameworks */ = {
			isa = PBXFrameworksBuildPhase;
			buildActionMask = 2147483647;
			files = (
			);
			runOnlyForDeploymentPostprocessing = 0;
		};
		38410F6E1B5A8D8D00DDA9CC /* Frameworks */ = {
			isa = PBXFrameworksBuildPhase;
			buildActionMask = 2147483647;
			files = (
			);
			runOnlyForDeploymentPostprocessing = 0;
		};
/* End PBXFrameworksBuildPhase section */

/* Begin PBXGroup section */
		38410F4F1B5A8D8D00DDA9CC = {
			isa = PBXGroup;
			children = (
				38410F5A1B5A8D8D00DDA9CC /* coreimage-filtering */,
				38410F741B5A8D8D00DDA9CC /* coreimage-filteringTests */,
				38410F591B5A8D8D00DDA9CC /* Products */,
			);
			sourceTree = "<group>";
		};
		38410F591B5A8D8D00DDA9CC /* Products */ = {
			isa = PBXGroup;
			children = (
				38410F581B5A8D8D00DDA9CC /* coreimage-filtering.app */,
				38410F711B5A8D8D00DDA9CC /* coreimage-filteringTests.xctest */,
			);
			name = Products;
			sourceTree = "<group>";
		};
		38410F5A1B5A8D8D00DDA9CC /* coreimage-filtering */ = {
			isa = PBXGroup;
			children = (
				38410F5F1B5A8D8D00DDA9CC /* AppDelegate.h */,
				38410F601B5A8D8D00DDA9CC /* AppDelegate.m */,
				38410F621B5A8D8D00DDA9CC /* ViewController.h */,
				38410F631B5A8D8D00DDA9CC /* ViewController.m */,
				38410F651B5A8D8D00DDA9CC /* Main.storyboard */,
				38410F681B5A8D8D00DDA9CC /* Images.xcassets */,
				38410F6A1B5A8D8D00DDA9CC /* LaunchScreen.xib */,
				38410F5B1B5A8D8D00DDA9CC /* Supporting Files */,
				38410F821B5AD8F900DDA9CC /* AvailableFiltersTableViewController.h */,
				38410F831B5AD8F900DDA9CC /* AvailableFiltersTableViewController.m */,
			);
			path = "coreimage-filtering";
			sourceTree = "<group>";
		};
		38410F5B1B5A8D8D00DDA9CC /* Supporting Files */ = {
			isa = PBXGroup;
			children = (
				38410F5C1B5A8D8D00DDA9CC /* Info.plist */,
				38410F5D1B5A8D8D00DDA9CC /* main.m */,
			);
			name = "Supporting Files";
			sourceTree = "<group>";
		};
		38410F741B5A8D8D00DDA9CC /* coreimage-filteringTests */ = {
			isa = PBXGroup;
			children = (
				38410F771B5A8D8D00DDA9CC /* coreimage_filteringTests.m */,
				38410F751B5A8D8D00DDA9CC /* Supporting Files */,
			);
			path = "coreimage-filteringTests";
			sourceTree = "<group>";
		};
		38410F751B5A8D8D00DDA9CC /* Supporting Files */ = {
			isa = PBXGroup;
			children = (
				38410F761B5A8D8D00DDA9CC /* Info.plist */,
			);
			name = "Supporting Files";
			sourceTree = "<group>";
		};
/* End PBXGroup section */

/* Begin PBXNativeTarget section */
		38410F571B5A8D8D00DDA9CC /* coreimage-filtering */ = {
			isa = PBXNativeTarget;
			buildConfigurationList = 38410F7B1B5A8D8D00DDA9CC /* Build configuration list for PBXNativeTarget "coreimage-filtering" */;
			buildPhases = (
				38410F541B5A8D8D00DDA9CC /* Sources */,
				38410F551B5A8D8D00DDA9CC /* Frameworks */,
				38410F561B5A8D8D00DDA9CC /* Resources */,
			);
			buildRules = (
			);
			dependencies = (
			);
			name = "coreimage-filtering";
			productName = "coreimage-filtering";
			productReference = 38410F581B5A8D8D00DDA9CC /* coreimage-filtering.app */;
			productType = "com.apple.product-type.application";
		};
		38410F701B5A8D8D00DDA9CC /* coreimage-filteringTests */ = {
			isa = PBXNativeTarget;
			buildConfigurationList = 38410F7E1B5A8D8D00DDA9CC /* Build configuration list for PBXNativeTarget "coreimage-filteringTests" */;
			buildPhases = (
				38410F6D1B5A8D8D00DDA9CC /* Sources */,
				38410F6E1B5A8D8D00DDA9CC /* Frameworks */,
				38410F6F1B5A8D8D00DDA9CC /* Resources */,
			);
			buildRules = (
			);
			dependencies = (
				38410F731B5A8D8D00DDA9CC /* PBXTargetDependency */,
			);
			name = "coreimage-filteringTests";
			productName = "coreimage-filteringTests";
			productReference = 38410F711B5A8D8D00DDA9CC /* coreimage-filteringTests.xctest */;
			productType = "com.apple.product-type.bundle.unit-test";
		};
/* End PBXNativeTarget section */

/* Begin PBXProject section */
		38410F501B5A8D8D00DDA9CC /* Project object */ = {
			isa = PBXProject;
			attributes = {
				LastUpgradeCheck = 0640;
				ORGANIZATIONNAME = "Sergey Buravtsov";
				TargetAttributes = {
					38410F571B5A8D8D00DDA9CC = {
						CreatedOnToolsVersion = 6.4;
					};
					38410F701B5A8D8D00DDA9CC = {
						CreatedOnToolsVersion = 6.4;
						TestTargetID = 38410F571B5A8D8D00DDA9CC;
					};
				};
			};
			buildConfigurationList = 38410F531B5A8D8D00DDA9CC /* Build configuration list for PBXProject "coreimage-filtering" */;
			compatibilityVersion = "Xcode 3.2";
			developmentRegion = English;
			hasScannedForEncodings = 0;
			knownRegions = (
				en,
				Base,
			);
			mainGroup = 38410F4F1B5A8D8D00DDA9CC;
			productRefGroup = 38410F591B5A8D8D00DDA9CC /* Products */;
			projectDirPath = "";
			projectRoot = "";
			targets = (
				38410F571B5A8D8D00DDA9CC /* coreimage-filtering */,
				38410F701B5A8D8D00DDA9CC /* coreimage-filteringTests */,
			);
		};
/* End PBXProject section */

/* Begin PBXResourcesBuildPhase section */
		38410F561B5A8D8D00DDA9CC /* Resources */ = {
			isa = PBXResourcesBuildPhase;
			buildActionMask = 2147483647;
			files = (
				38410F671B5A8D8D00DDA9CC /* Main.storyboard in Resources */,
				38410F6C1B5A8D8D00DDA9CC /* LaunchScreen.xib in Resources */,
				38410F691B5A8D8D00DDA9CC /* Images.xcassets in Resources */,
			);
			runOnlyForDeploymentPostprocessing = 0;
		};
		38410F6F1B5A8D8D00DDA9CC /* Resources */ = {
			isa = PBXResourcesBuildPhase;
			buildActionMask = 2147483647;
			files = (
			);
			runOnlyForDeploymentPostprocessing = 0;
		};
/* End PBXResourcesBuildPhase section */

/* Begin PBXSourcesBuildPhase section */
		38410F541B5A8D8D00DDA9CC /* Sources */ = {
			isa = PBXSourcesBuildPhase;
			buildActionMask = 2147483647;
			files = (
				38410F641B5A8D8D00DDA9CC /* ViewController.m in Sources */,
				38410F841B5AD8F900DDA9CC /* AvailableFiltersTableViewController.m in Sources */,
				38410F611B5A8D8D00DDA9CC /* AppDelegate.m in Sources */,
				38410F5E1B5A8D8D00DDA9CC /* main.m in Sources */,
			);
			runOnlyForDeploymentPostprocessing = 0;
		};
		38410F6D1B5A8D8D00DDA9CC /* Sources */ = {
			isa = PBXSourcesBuildPhase;
			buildActionMask = 2147483647;
			files = (
				38410F781B5A8D8D00DDA9CC /* coreimage_filteringTests.m in Sources */,
			);
			runOnlyForDeploymentPostprocessing = 0;
		};
/* End PBXSourcesBuildPhase section */

/* Begin PBXTargetDependency section */
		38410F731B5A8D8D00DDA9CC /* PBXTargetDependency */ = {
			isa = PBXTargetDependency;
			target = 38410F571B5A8D8D00DDA9CC /* coreimage-filtering */;
			targetProxy = 38410F721B5A8D8D00DDA9CC /* PBXContainerItemProxy */;
		};
/* End PBXTargetDependency section */

/* Begin PBXVariantGroup section */
		38410F651B5A8D8D00DDA9CC /* Main.storyboard */ = {
			isa = PBXVariantGroup;
			children = (
				38410F661B5A8D8D00DDA9CC /* Base */,
			);
			name = Main.storyboard;
			sourceTree = "<group>";
		};
		38410F6A1B5A8D8D00DDA9CC /* LaunchScreen.xib */ = {
			isa = PBXVariantGroup;
			children = (
				38410F6B1B5A8D8D00DDA9CC /* Base */,
			);
			name = LaunchScreen.xib;
			sourceTree = "<group>";
		};
/* End PBXVariantGroup section */

/* Begin XCBuildConfiguration section */
		38410F791B5A8D8D00DDA9CC /* Debug */ = {
			isa = XCBuildConfiguration;
			buildSettings = {
				ALWAYS_SEARCH_USER_PATHS = NO;
				CLANG_CXX_LANGUAGE_STANDARD = "gnu++0x";
				CLANG_CXX_LIBRARY = "libc++";
				CLANG_ENABLE_MODULES = YES;
				CLANG_ENABLE_OBJC_ARC = YES;
				CLANG_WARN_BOOL_CONVERSION = YES;
				CLANG_WARN_CONSTANT_CONVERSION = YES;
				CLANG_WARN_DIRECT_OBJC_ISA_USAGE = YES_ERROR;
				CLANG_WARN_EMPTY_BODY = YES;
				CLANG_WARN_ENUM_CONVERSION = YES;
				CLANG_WARN_INT_CONVERSION = YES;
				CLANG_WARN_OBJC_ROOT_CLASS = YES_ERROR;
				CLANG_WARN_UNREACHABLE_CODE = YES;
				CLANG_WARN__DUPLICATE_METHOD_MATCH = YES;
				"CODE_SIGN_IDENTITY[sdk=iphoneos*]" = "iPhone Developer";
				COPY_PHASE_STRIP = NO;
				DEBUG_INFORMATION_FORMAT = "dwarf-with-dsym";
				ENABLE_STRICT_OBJC_MSGSEND = YES;
				GCC_C_LANGUAGE_STANDARD = gnu99;
				GCC_DYNAMIC_NO_PIC = NO;
				GCC_NO_COMMON_BLOCKS = YES;
				GCC_OPTIMIZATION_LEVEL = 0;
				GCC_PREPROCESSOR_DEFINITIONS = (
					"DEBUG=1",
					"$(inherited)",
				);
				GCC_SYMBOLS_PRIVATE_EXTERN = NO;
				GCC_WARN_64_TO_32_BIT_CONVERSION = YES;
				GCC_WARN_ABOUT_RETURN_TYPE = YES_ERROR;
				GCC_WARN_UNDECLARED_SELECTOR = YES;
				GCC_WARN_UNINITIALIZED_AUTOS = YES_AGGRESSIVE;
				GCC_WARN_UNUSED_FUNCTION = YES;
				GCC_WARN_UNUSED_VARIABLE = YES;
				IPHONEOS_DEPLOYMENT_TARGET = 8.4;
				MTL_ENABLE_DEBUG_INFO = YES;
				ONLY_ACTIVE_ARCH = YES;
				SDKROOT = iphoneos;
				TARGETED_DEVICE_FAMILY = "1,2";
			};
			name = Debug;
		};
		38410F7A1B5A8D8D00DDA9CC /* Release */ = {
			isa = XCBuildConfiguration;
			buildSettings = {
				ALWAYS_SEARCH_USER_PATHS = NO;
				CLANG_CXX_LANGUAGE_STANDARD = "gnu++0x";
				CLANG_CXX_LIBRARY = "libc++";
				CLANG_ENABLE_MODULES = YES;
				CLANG_ENABLE_OBJC_ARC = YES;
				CLANG_WARN_BOOL_CONVERSION = YES;
				CLANG_WARN_CONSTANT_CONVERSION = YES;
				CLANG_WARN_DIRECT_OBJC_ISA_USAGE = YES_ERROR;
				CLANG_WARN_EMPTY_BODY = YES;
				CLANG_WARN_ENUM_CONVERSION = YES;
				CLANG_WARN_INT_CONVERSION = YES;
				CLANG_WARN_OBJC_ROOT_CLASS = YES_ERROR;
				CLANG_WARN_UNREACHABLE_CODE = YES;
				CLANG_WARN__DUPLICATE_METHOD_MATCH = YES;
				"CODE_SIGN_IDENTITY[sdk=iphoneos*]" = "iPhone Developer";
				COPY_PHASE_STRIP = NO;
				DEBUG_INFORMATION_FORMAT = "dwarf-with-dsym";
				ENABLE_NS_ASSERTIONS = NO;
				ENABLE_STRICT_OBJC_MSGSEND = YES;
				GCC_C_LANGUAGE_STANDARD = gnu99;
				GCC_NO_COMMON_BLOCKS = YES;
				GCC_WARN_64_TO_32_BIT_CONVERSION = YES;
				GCC_WARN_ABOUT_RETURN_TYPE = YES_ERROR;
				GCC_WARN_UNDECLARED_SELECTOR = YES;
				GCC_WARN_UNINITIALIZED_AUTOS = YES_AGGRESSIVE;
				GCC_WARN_UNUSED_FUNCTION = YES;
				GCC_WARN_UNUSED_VARIABLE = YES;
				IPHONEOS_DEPLOYMENT_TARGET = 8.4;
				MTL_ENABLE_DEBUG_INFO = NO;
				SDKROOT = iphoneos;
				TARGETED_DEVICE_FAMILY = "1,2";
				VALIDATE_PRODUCT = YES;
			};
			name = Release;
		};
		38410F7C1B5A8D8D00DDA9CC /* Debug */ = {
			isa = XCBuildConfiguration;
			buildSettings = {
				ASSETCATALOG_COMPILER_APPICON_NAME = AppIcon;
				INFOPLIST_FILE = "coreimage-filtering/Info.plist";
				IPHONEOS_DEPLOYMENT_TARGET = 7.0;
				LD_RUNPATH_SEARCH_PATHS = "$(inherited) @executable_path/Frameworks";
				PRODUCT_NAME = "$(TARGET_NAME)";
			};
			name = Debug;
		};
		38410F7D1B5A8D8D00DDA9CC /* Release */ = {
			isa = XCBuildConfiguration;
			buildSettings = {
				ASSETCATALOG_COMPILER_APPICON_NAME = AppIcon;
				INFOPLIST_FILE = "coreimage-filtering/Info.plist";
				IPHONEOS_DEPLOYMENT_TARGET = 7.0;
				LD_RUNPATH_SEARCH_PATHS = "$(inherited) @executable_path/Frameworks";
				PRODUCT_NAME = "$(TARGET_NAME)";
			};
			name = Release;
		};
		38410F7F1B5A8D8D00DDA9CC /* Debug */ = {
			isa = XCBuildConfiguration;
			buildSettings = {
				BUNDLE_LOADER = "$(TEST_HOST)";
				FRAMEWORK_SEARCH_PATHS = (
					"$(SDKROOT)/Developer/Library/Frameworks",
					"$(inherited)",
				);
				GCC_PREPROCESSOR_DEFINITIONS = (
					"DEBUG=1",
					"$(inherited)",
				);
				INFOPLIST_FILE = "coreimage-filteringTests/Info.plist";
				LD_RUNPATH_SEARCH_PATHS = "$(inherited) @executable_path/Frameworks @loader_path/Frameworks";
				PRODUCT_NAME = "$(TARGET_NAME)";
				TEST_HOST = "$(BUILT_PRODUCTS_DIR)/coreimage-filtering.app/coreimage-filtering";
			};
			name = Debug;
		};
		38410F801B5A8D8D00DDA9CC /* Release */ = {
			isa = XCBuildConfiguration;
			buildSettings = {
				BUNDLE_LOADER = "$(TEST_HOST)";
				FRAMEWORK_SEARCH_PATHS = (
					"$(SDKROOT)/Developer/Library/Frameworks",
					"$(inherited)",
				);
				INFOPLIST_FILE = "coreimage-filteringTests/Info.plist";
				LD_RUNPATH_SEARCH_PATHS = "$(inherited) @executable_path/Frameworks @loader_path/Frameworks";
				PRODUCT_NAME = "$(TARGET_NAME)";
				TEST_HOST = "$(BUILT_PRODUCTS_DIR)/coreimage-filtering.app/coreimage-filtering";
			};
			name = Release;
		};
/* End XCBuildConfiguration section */

/* Begin XCConfigurationList section */
		38410F531B5A8D8D00DDA9CC /* Build configuration list for PBXProject "coreimage-filtering" */ = {
			isa = XCConfigurationList;
			buildConfigurations = (
				38410F791B5A8D8D00DDA9CC /* Debug */,
				38410F7A1B5A8D8D00DDA9CC /* Release */,
			);
			defaultConfigurationIsVisible = 0;
			defaultConfigurationName = Release;
		};
		38410F7B1B5A8D8D00DDA9CC /* Build configuration list for PBXNativeTarget "coreimage-filtering" */ = {
			isa = XCConfigurationList;
			buildConfigurations = (
				38410F7C1B5A8D8D00DDA9CC /* Debug */,
				38410F7D1B5A8D8D00DDA9CC /* Release */,
			);
			defaultConfigurationIsVisible = 0;
			defaultConfigurationName = Release;
		};
		38410F7E1B5A8D8D00DDA9CC /* Build configuration list for PBXNativeTarget "coreimage-filteringTests" */ = {
			isa = XCConfigurationList;
			buildConfigurations = (
				38410F7F1B5A8D8D00DDA9CC /* Debug */,
				38410F801B5A8D8D00DDA9CC /* Release */,
			);
			defaultConfigurationIsVisible = 0;
			defaultConfigurationName = Release;
		};
/* End XCConfigurationList section */
	};
	rootObject = 38410F501B5A8D8D00DDA9CC /* Project object */;
}
